// !$*UTF8*$!
{
	archiveVersion = 1;
	classes = {
	};
	objectVersion = 60;
	objects = {

/* Begin PBXBuildFile section */
		3F81D7499CE3B58CC5767CA3 /* Pods_WatchChainIOS.framework in Frameworks */ = {isa = PBXBuildFile; fileRef = 44B8975898806AED072CA193 /* Pods_WatchChainIOS.framework */; };
		6304456129630B4500AD6DD7 /* LoginController.swift in Sources */ = {isa = PBXBuildFile; fileRef = 6304456029630B4500AD6DD7 /* LoginController.swift */; };
		6306C79E2971627900357A11 /* BrowserNftAPI.swift in Sources */ = {isa = PBXBuildFile; fileRef = 6306C79D2971627900357A11 /* BrowserNftAPI.swift */; };
		6307DCB42989C8560028BA52 /* CreatorController.swift in Sources */ = {isa = PBXBuildFile; fileRef = 6307DCB32989C8560028BA52 /* CreatorController.swift */; };
		6307DCB72989D3B00028BA52 /* MyNftViewController.swift in Sources */ = {isa = PBXBuildFile; fileRef = 6307DCB62989D3B00028BA52 /* MyNftViewController.swift */; };
		6307DCB92989D3CC0028BA52 /* AddNftViewController.swift in Sources */ = {isa = PBXBuildFile; fileRef = 6307DCB82989D3CC0028BA52 /* AddNftViewController.swift */; };
		6307DCBC2989E3AF0028BA52 /* AddNftCoreData.xcdatamodeld in Sources */ = {isa = PBXBuildFile; fileRef = 6307DCBA2989E3AF0028BA52 /* AddNftCoreData.xcdatamodeld */; };
		63093E792979888C00D02D67 /* AlertManager.swift in Sources */ = {isa = PBXBuildFile; fileRef = 63093E782979888C00D02D67 /* AlertManager.swift */; };
		63093E7B2979967700D02D67 /* User.swift in Sources */ = {isa = PBXBuildFile; fileRef = 63093E7A2979967700D02D67 /* User.swift */; };
		6314A132299424FD00D0B353 /* MetaWalletController.swift in Sources */ = {isa = PBXBuildFile; fileRef = 6314A131299424FD00D0B353 /* MetaWalletController.swift */; };
		6314A1352994508A00D0B353 /* OpenSeaController.swift in Sources */ = {isa = PBXBuildFile; fileRef = 6314A1342994508A00D0B353 /* OpenSeaController.swift */; };
		6314A13729946F6C00D0B353 /* ProfileEditorController.swift in Sources */ = {isa = PBXBuildFile; fileRef = 6314A13629946F6C00D0B353 /* ProfileEditorController.swift */; };
		6314A13A2994727A00D0B353 /* datepicker.swift in Sources */ = {isa = PBXBuildFile; fileRef = 6314A1392994727A00D0B353 /* datepicker.swift */; };
		6314A13C299472AE00D0B353 /* viewPicker.swift in Sources */ = {isa = PBXBuildFile; fileRef = 6314A13B299472AE00D0B353 /* viewPicker.swift */; };
		6314A13E2994748400D0B353 /* Extension.swift in Sources */ = {isa = PBXBuildFile; fileRef = 6314A13D2994748400D0B353 /* Extension.swift */; };
		633466DE2C616EB0000575EF /* MessageCell.xib in Resources */ = {isa = PBXBuildFile; fileRef = 633466DD2C616EB0000575EF /* MessageCell.xib */; };
		633466DF2C616EB0000575EF /* MessageCell.swift in Sources */ = {isa = PBXBuildFile; fileRef = 633466DC2C616EB0000575EF /* MessageCell.swift */; };
		633466E22C62D3BB000575EF /* IQKeyboardManagerSwift in Frameworks */ = {isa = PBXBuildFile; productRef = 633466E12C62D3BB000575EF /* IQKeyboardManagerSwift */; };
		633B75E8298B677E00C48FA0 /* BuyNftController.swift in Sources */ = {isa = PBXBuildFile; fileRef = 633B75E7298B677E00C48FA0 /* BuyNftController.swift */; };
		633B75EA298B683D00C48FA0 /* Validator.swift in Sources */ = {isa = PBXBuildFile; fileRef = 633B75E9298B683D00C48FA0 /* Validator.swift */; };
		633DBC4A299091E900E0C5CE /* Background.swift in Sources */ = {isa = PBXBuildFile; fileRef = 633DBC49299091E900E0C5CE /* Background.swift */; };
		6345E71C2A14D92100F25EB7 /* CoinError.swift in Sources */ = {isa = PBXBuildFile; fileRef = 6345E71B2A14D92100F25EB7 /* CoinError.swift */; };
		6346B0282A1D005D00A8D7ED /* CoinService.swift in Sources */ = {isa = PBXBuildFile; fileRef = 6346B0272A1D005D00A8D7ED /* CoinService.swift */; };
		6346B02A2A1D090300A8D7ED /* HomeControllerViewModel.swift in Sources */ = {isa = PBXBuildFile; fileRef = 6346B0292A1D090300A8D7ED /* HomeControllerViewModel.swift */; };
		634943CF29888A100059139C /* CollectionViewCell.swift in Sources */ = {isa = PBXBuildFile; fileRef = 634943CE29888A100059139C /* CollectionViewCell.swift */; };
		6349F60E2C7D2C3900D57F20 /* Inceptionv3.mlpackage in Sources */ = {isa = PBXBuildFile; fileRef = 6349F60D2C7D2C3800D57F20 /* Inceptionv3.mlpackage */; };
		6349F6112C7D304D00D57F20 /* AIController.swift in Sources */ = {isa = PBXBuildFile; fileRef = 6349F6102C7D304D00D57F20 /* AIController.swift */; };
		634C69A8296686D800F57355 /* ProfilController.swift in Sources */ = {isa = PBXBuildFile; fileRef = 634C69A7296686D800F57355 /* ProfilController.swift */; };
		634C69AF2966BF7000F57355 /* RegisterController.swift in Sources */ = {isa = PBXBuildFile; fileRef = 634C69AE2966BF7000F57355 /* RegisterController.swift */; };
		635C7EFC2A01B42A0025BE84 /* UIButtonExtension.swift in Sources */ = {isa = PBXBuildFile; fileRef = 635C7EFB2A01B42A0025BE84 /* UIButtonExtension.swift */; };
		636859C4299F1BB7002BD90F /* PhantomWalletController.swift in Sources */ = {isa = PBXBuildFile; fileRef = 636859C3299F1BB7002BD90F /* PhantomWalletController.swift */; };
		636859C6299F206D002BD90F /* WalletController.swift in Sources */ = {isa = PBXBuildFile; fileRef = 636859C5299F206D002BD90F /* WalletController.swift */; };
		636859C8299F23E5002BD90F /* CronosWalletController.swift in Sources */ = {isa = PBXBuildFile; fileRef = 636859C7299F23E5002BD90F /* CronosWalletController.swift */; };
		636859CA299F262D002BD90F /* OneinchWalletController.swift in Sources */ = {isa = PBXBuildFile; fileRef = 636859C9299F262D002BD90F /* OneinchWalletController.swift */; };
		6379F9B5297FFAB5003FF525 /* Collector.swift in Sources */ = {isa = PBXBuildFile; fileRef = 6379F9B4297FFAB5003FF525 /* Collector.swift */; };
		6379F9B7297FFB0E003FF525 /* Nft.swift in Sources */ = {isa = PBXBuildFile; fileRef = 6379F9B6297FFB0D003FF525 /* Nft.swift */; };
		637D4D9A2BFFD2A100ECFCD9 /* engineer_no01.mp3 in Resources */ = {isa = PBXBuildFile; fileRef = 637D4D992BFFD2A100ECFCD9 /* engineer_no01.mp3 */; };
		637D4D9C2BFFD4CF00ECFCD9 /* mr-krabs-money.mp3 in Resources */ = {isa = PBXBuildFile; fileRef = 637D4D9B2BFFD4CF00ECFCD9 /* mr-krabs-money.mp3 */; };
		63926B8A29657F1A005D2378 /* BrowserController.swift in Sources */ = {isa = PBXBuildFile; fileRef = 63926B8929657F1A005D2378 /* BrowserController.swift */; };
		63979B4D29F868E100EFF2C8 /* QrCodeController.swift in Sources */ = {isa = PBXBuildFile; fileRef = 63979B4C29F868E100EFF2C8 /* QrCodeController.swift */; };
		639ECDB32A1BF1CB0054A1D1 /* HTTP.swift in Sources */ = {isa = PBXBuildFile; fileRef = 639ECDB22A1BF1CB0054A1D1 /* HTTP.swift */; };
		639ECDB52A1BF7830054A1D1 /* Endpoint.swift in Sources */ = {isa = PBXBuildFile; fileRef = 639ECDB42A1BF7830054A1D1 /* Endpoint.swift */; };
		63A7101E2980677000B4B9B5 /* NftViewCell.swift in Sources */ = {isa = PBXBuildFile; fileRef = 63A7101D2980677000B4B9B5 /* NftViewCell.swift */; };
		63A725582BFBF18A0010BCE9 /* Question.swift in Sources */ = {isa = PBXBuildFile; fileRef = 63A725552BFBF18A0010BCE9 /* Question.swift */; };
		63A725592BFBF18A0010BCE9 /* QuizBrain.swift in Sources */ = {isa = PBXBuildFile; fileRef = 63A725562BFBF18A0010BCE9 /* QuizBrain.swift */; };
		63A7255C2BFBF1B20010BCE9 /* QuizController.swift in Sources */ = {isa = PBXBuildFile; fileRef = 63A7255B2BFBF1B20010BCE9 /* QuizController.swift */; };
		63D75C08295304E6008F28F0 /* AppDelegate.swift in Sources */ = {isa = PBXBuildFile; fileRef = 63D75C07295304E6008F28F0 /* AppDelegate.swift */; };
		63D75C0A295304E6008F28F0 /* SceneDelegate.swift in Sources */ = {isa = PBXBuildFile; fileRef = 63D75C09295304E6008F28F0 /* SceneDelegate.swift */; };
		63D75C0F295304E6008F28F0 /* Main.storyboard in Resources */ = {isa = PBXBuildFile; fileRef = 63D75C0D295304E6008F28F0 /* Main.storyboard */; };
		63D75C14295304E7008F28F0 /* Assets.xcassets in Resources */ = {isa = PBXBuildFile; fileRef = 63D75C13295304E7008F28F0 /* Assets.xcassets */; };
		63D75C17295304E7008F28F0 /* LaunchScreen.storyboard in Resources */ = {isa = PBXBuildFile; fileRef = 63D75C15295304E7008F28F0 /* LaunchScreen.storyboard */; };
		63D75C2029530A74008F28F0 /* GoogleService-Info.plist in Resources */ = {isa = PBXBuildFile; fileRef = 63D75C1F29530A74008F28F0 /* GoogleService-Info.plist */; };
		63D75C31295340AC008F28F0 /* giphyImg.gif in Resources */ = {isa = PBXBuildFile; fileRef = 63D75C30295340AC008F28F0 /* giphyImg.gif */; };
		63D8D1C32A129D6B00BCBDEE /* ViewCryptoController.swift in Sources */ = {isa = PBXBuildFile; fileRef = 63D8D1C22A129D6B00BCBDEE /* ViewCryptoController.swift */; };
		63D8D1C72A12BAE200BCBDEE /* ViewCryptoControllerViewModel.swift in Sources */ = {isa = PBXBuildFile; fileRef = 63D8D1C62A12BAE200BCBDEE /* ViewCryptoControllerViewModel.swift */; };
		63DE7D4B2C600F8400E6AC69 /* LoginViewController.swift in Sources */ = {isa = PBXBuildFile; fileRef = 63DE7D4A2C600F8400E6AC69 /* LoginViewController.swift */; };
		63DE7D4D2C601F5100E6AC69 /* ChatViewController.swift in Sources */ = {isa = PBXBuildFile; fileRef = 63DE7D4C2C601F5100E6AC69 /* ChatViewController.swift */; };
		63DE7D502C60254A00E6AC69 /* FirebaseConstants.swift in Sources */ = {isa = PBXBuildFile; fileRef = 63DE7D4F2C60254A00E6AC69 /* FirebaseConstants.swift */; };
		63DE7D532C6028E300E6AC69 /* Message.swift in Sources */ = {isa = PBXBuildFile; fileRef = 63DE7D522C6028E300E6AC69 /* Message.swift */; };
		63E08A412C29CB22002CE5F6 /* WelcomeViewController.swift in Sources */ = {isa = PBXBuildFile; fileRef = 63E08A402C29CB22002CE5F6 /* WelcomeViewController.swift */; };
		63E08A432C2B20D5002CE5F6 /* RegisterViewController.swift in Sources */ = {isa = PBXBuildFile; fileRef = 63E08A422C2B20D5002CE5F6 /* RegisterViewController.swift */; };
		63E8956E2992B4CA0064705F /* RegisterController + Extension.swift in Sources */ = {isa = PBXBuildFile; fileRef = 63E8956D2992B4CA0064705F /* RegisterController + Extension.swift */; };
		63FE27632A0C1C0A00400204 /* HomeController.swift in Sources */ = {isa = PBXBuildFile; fileRef = 63FE27622A0C1C0A00400204 /* HomeController.swift */; };
		63FE27662A0C1FE900400204 /* Constants.swift in Sources */ = {isa = PBXBuildFile; fileRef = 63FE27652A0C1FE900400204 /* Constants.swift */; };
		63FE27692A0C217B00400204 /* Coin.swift in Sources */ = {isa = PBXBuildFile; fileRef = 63FE27682A0C217B00400204 /* Coin.swift */; };
		63FE276C2A0C242A00400204 /* CoinCell.swift in Sources */ = {isa = PBXBuildFile; fileRef = 63FE276B2A0C242A00400204 /* CoinCell.swift */; };
/* End PBXBuildFile section */

/* Begin PBXFileReference section */
		44B8975898806AED072CA193 /* Pods_WatchChainIOS.framework */ = {isa = PBXFileReference; explicitFileType = wrapper.framework; includeInIndex = 0; path = Pods_WatchChainIOS.framework; sourceTree = BUILT_PRODUCTS_DIR; };
		6304456029630B4500AD6DD7 /* LoginController.swift */ = {isa = PBXFileReference; lastKnownFileType = sourcecode.swift; path = LoginController.swift; sourceTree = "<group>"; };
		6306C79D2971627900357A11 /* BrowserNftAPI.swift */ = {isa = PBXFileReference; lastKnownFileType = sourcecode.swift; path = BrowserNftAPI.swift; sourceTree = "<group>"; };
		6307DCB32989C8560028BA52 /* CreatorController.swift */ = {isa = PBXFileReference; lastKnownFileType = sourcecode.swift; path = CreatorController.swift; sourceTree = "<group>"; };
		6307DCB62989D3B00028BA52 /* MyNftViewController.swift */ = {isa = PBXFileReference; lastKnownFileType = sourcecode.swift; path = MyNftViewController.swift; sourceTree = "<group>"; };
		6307DCB82989D3CC0028BA52 /* AddNftViewController.swift */ = {isa = PBXFileReference; lastKnownFileType = sourcecode.swift; path = AddNftViewController.swift; sourceTree = "<group>"; };
		6307DCBB2989E3AF0028BA52 /* AddNftCoreData.xcdatamodel */ = {isa = PBXFileReference; lastKnownFileType = wrapper.xcdatamodel; path = AddNftCoreData.xcdatamodel; sourceTree = "<group>"; };
		63093E782979888C00D02D67 /* AlertManager.swift */ = {isa = PBXFileReference; lastKnownFileType = sourcecode.swift; path = AlertManager.swift; sourceTree = "<group>"; };
		63093E7A2979967700D02D67 /* User.swift */ = {isa = PBXFileReference; lastKnownFileType = sourcecode.swift; path = User.swift; sourceTree = "<group>"; };
		6314A131299424FD00D0B353 /* MetaWalletController.swift */ = {isa = PBXFileReference; lastKnownFileType = sourcecode.swift; path = MetaWalletController.swift; sourceTree = "<group>"; };
		6314A1342994508A00D0B353 /* OpenSeaController.swift */ = {isa = PBXFileReference; lastKnownFileType = sourcecode.swift; path = OpenSeaController.swift; sourceTree = "<group>"; };
		6314A13629946F6C00D0B353 /* ProfileEditorController.swift */ = {isa = PBXFileReference; lastKnownFileType = sourcecode.swift; path = ProfileEditorController.swift; sourceTree = "<group>"; };
		6314A1392994727A00D0B353 /* datepicker.swift */ = {isa = PBXFileReference; lastKnownFileType = sourcecode.swift; path = datepicker.swift; sourceTree = "<group>"; };
		6314A13B299472AE00D0B353 /* viewPicker.swift */ = {isa = PBXFileReference; lastKnownFileType = sourcecode.swift; path = viewPicker.swift; sourceTree = "<group>"; };
		6314A13D2994748400D0B353 /* Extension.swift */ = {isa = PBXFileReference; lastKnownFileType = sourcecode.swift; path = Extension.swift; sourceTree = "<group>"; };
		633466DC2C616EB0000575EF /* MessageCell.swift */ = {isa = PBXFileReference; lastKnownFileType = sourcecode.swift; path = MessageCell.swift; sourceTree = "<group>"; };
		633466DD2C616EB0000575EF /* MessageCell.xib */ = {isa = PBXFileReference; lastKnownFileType = file.xib; path = MessageCell.xib; sourceTree = "<group>"; };
		633B75E7298B677E00C48FA0 /* BuyNftController.swift */ = {isa = PBXFileReference; lastKnownFileType = sourcecode.swift; path = BuyNftController.swift; sourceTree = "<group>"; };
		633B75E9298B683D00C48FA0 /* Validator.swift */ = {isa = PBXFileReference; lastKnownFileType = sourcecode.swift; path = Validator.swift; sourceTree = "<group>"; };
		633DBC49299091E900E0C5CE /* Background.swift */ = {isa = PBXFileReference; lastKnownFileType = sourcecode.swift; path = Background.swift; sourceTree = "<group>"; };
		6345E71B2A14D92100F25EB7 /* CoinError.swift */ = {isa = PBXFileReference; lastKnownFileType = sourcecode.swift; path = CoinError.swift; sourceTree = "<group>"; };
		6346B0272A1D005D00A8D7ED /* CoinService.swift */ = {isa = PBXFileReference; lastKnownFileType = sourcecode.swift; path = CoinService.swift; sourceTree = "<group>"; };
		6346B0292A1D090300A8D7ED /* HomeControllerViewModel.swift */ = {isa = PBXFileReference; lastKnownFileType = sourcecode.swift; path = HomeControllerViewModel.swift; sourceTree = "<group>"; };
		634943CE29888A100059139C /* CollectionViewCell.swift */ = {isa = PBXFileReference; lastKnownFileType = sourcecode.swift; path = CollectionViewCell.swift; sourceTree = "<group>"; };
		6349F60D2C7D2C3800D57F20 /* Inceptionv3.mlpackage */ = {isa = PBXFileReference; lastKnownFileType = folder.mlpackage; path = Inceptionv3.mlpackage; sourceTree = "<group>"; };
		6349F6102C7D304D00D57F20 /* AIController.swift */ = {isa = PBXFileReference; lastKnownFileType = sourcecode.swift; path = AIController.swift; sourceTree = "<group>"; };
		634C69A7296686D800F57355 /* ProfilController.swift */ = {isa = PBXFileReference; lastKnownFileType = sourcecode.swift; path = ProfilController.swift; sourceTree = "<group>"; };
		634C69AE2966BF7000F57355 /* RegisterController.swift */ = {isa = PBXFileReference; lastKnownFileType = sourcecode.swift; path = RegisterController.swift; sourceTree = "<group>"; };
		635C7EFB2A01B42A0025BE84 /* UIButtonExtension.swift */ = {isa = PBXFileReference; lastKnownFileType = sourcecode.swift; path = UIButtonExtension.swift; sourceTree = "<group>"; };
		636859C3299F1BB7002BD90F /* PhantomWalletController.swift */ = {isa = PBXFileReference; lastKnownFileType = sourcecode.swift; path = PhantomWalletController.swift; sourceTree = "<group>"; };
		636859C5299F206D002BD90F /* WalletController.swift */ = {isa = PBXFileReference; lastKnownFileType = sourcecode.swift; path = WalletController.swift; sourceTree = "<group>"; };
		636859C7299F23E5002BD90F /* CronosWalletController.swift */ = {isa = PBXFileReference; lastKnownFileType = sourcecode.swift; path = CronosWalletController.swift; sourceTree = "<group>"; };
		636859C9299F262D002BD90F /* OneinchWalletController.swift */ = {isa = PBXFileReference; lastKnownFileType = sourcecode.swift; path = OneinchWalletController.swift; sourceTree = "<group>"; };
		6379F9B4297FFAB5003FF525 /* Collector.swift */ = {isa = PBXFileReference; lastKnownFileType = sourcecode.swift; path = Collector.swift; sourceTree = "<group>"; };
		6379F9B6297FFB0D003FF525 /* Nft.swift */ = {isa = PBXFileReference; lastKnownFileType = sourcecode.swift; path = Nft.swift; sourceTree = "<group>"; };
		637D4D992BFFD2A100ECFCD9 /* engineer_no01.mp3 */ = {isa = PBXFileReference; lastKnownFileType = audio.mp3; path = engineer_no01.mp3; sourceTree = SOURCE_ROOT; };
		637D4D9B2BFFD4CF00ECFCD9 /* mr-krabs-money.mp3 */ = {isa = PBXFileReference; lastKnownFileType = audio.mp3; path = "mr-krabs-money.mp3"; sourceTree = "<group>"; };
		63926B8929657F1A005D2378 /* BrowserController.swift */ = {isa = PBXFileReference; lastKnownFileType = sourcecode.swift; path = BrowserController.swift; sourceTree = "<group>"; };
		63979B4C29F868E100EFF2C8 /* QrCodeController.swift */ = {isa = PBXFileReference; lastKnownFileType = sourcecode.swift; path = QrCodeController.swift; sourceTree = "<group>"; };
		639ECDB22A1BF1CB0054A1D1 /* HTTP.swift */ = {isa = PBXFileReference; lastKnownFileType = sourcecode.swift; path = HTTP.swift; sourceTree = "<group>"; };
		639ECDB42A1BF7830054A1D1 /* Endpoint.swift */ = {isa = PBXFileReference; lastKnownFileType = sourcecode.swift; path = Endpoint.swift; sourceTree = "<group>"; };
		63A7101D2980677000B4B9B5 /* NftViewCell.swift */ = {isa = PBXFileReference; lastKnownFileType = sourcecode.swift; path = NftViewCell.swift; sourceTree = "<group>"; };
		63A725552BFBF18A0010BCE9 /* Question.swift */ = {isa = PBXFileReference; fileEncoding = 4; lastKnownFileType = sourcecode.swift; path = Question.swift; sourceTree = "<group>"; };
		63A725562BFBF18A0010BCE9 /* QuizBrain.swift */ = {isa = PBXFileReference; fileEncoding = 4; lastKnownFileType = sourcecode.swift; path = QuizBrain.swift; sourceTree = "<group>"; };
		63A7255B2BFBF1B20010BCE9 /* QuizController.swift */ = {isa = PBXFileReference; fileEncoding = 4; lastKnownFileType = sourcecode.swift; path = QuizController.swift; sourceTree = "<group>"; };
		63D75C04295304E6008F28F0 /* WatchChainIOS.app */ = {isa = PBXFileReference; explicitFileType = wrapper.application; includeInIndex = 0; path = WatchChainIOS.app; sourceTree = BUILT_PRODUCTS_DIR; };
		63D75C07295304E6008F28F0 /* AppDelegate.swift */ = {isa = PBXFileReference; lastKnownFileType = sourcecode.swift; path = AppDelegate.swift; sourceTree = "<group>"; };
		63D75C09295304E6008F28F0 /* SceneDelegate.swift */ = {isa = PBXFileReference; lastKnownFileType = sourcecode.swift; path = SceneDelegate.swift; sourceTree = "<group>"; };
		63D75C0E295304E6008F28F0 /* Base */ = {isa = PBXFileReference; lastKnownFileType = file.storyboard; name = Base; path = Base.lproj/Main.storyboard; sourceTree = "<group>"; };
		63D75C13295304E7008F28F0 /* Assets.xcassets */ = {isa = PBXFileReference; lastKnownFileType = folder.assetcatalog; path = Assets.xcassets; sourceTree = "<group>"; };
		63D75C16295304E7008F28F0 /* Base */ = {isa = PBXFileReference; lastKnownFileType = file.storyboard; name = Base; path = Base.lproj/LaunchScreen.storyboard; sourceTree = "<group>"; };
		63D75C18295304E7008F28F0 /* Info.plist */ = {isa = PBXFileReference; lastKnownFileType = text.plist.xml; path = Info.plist; sourceTree = "<group>"; };
		63D75C1F29530A74008F28F0 /* GoogleService-Info.plist */ = {isa = PBXFileReference; fileEncoding = 4; lastKnownFileType = text.plist.xml; path = "GoogleService-Info.plist"; sourceTree = "<group>"; };
		63D75C30295340AC008F28F0 /* giphyImg.gif */ = {isa = PBXFileReference; lastKnownFileType = image.gif; path = giphyImg.gif; sourceTree = "<group>"; };
		63D8D1C22A129D6B00BCBDEE /* ViewCryptoController.swift */ = {isa = PBXFileReference; lastKnownFileType = sourcecode.swift; path = ViewCryptoController.swift; sourceTree = "<group>"; };
		63D8D1C62A12BAE200BCBDEE /* ViewCryptoControllerViewModel.swift */ = {isa = PBXFileReference; lastKnownFileType = sourcecode.swift; path = ViewCryptoControllerViewModel.swift; sourceTree = "<group>"; };
		63DE7D4A2C600F8400E6AC69 /* LoginViewController.swift */ = {isa = PBXFileReference; lastKnownFileType = sourcecode.swift; path = LoginViewController.swift; sourceTree = "<group>"; };
		63DE7D4C2C601F5100E6AC69 /* ChatViewController.swift */ = {isa = PBXFileReference; lastKnownFileType = sourcecode.swift; path = ChatViewController.swift; sourceTree = "<group>"; };
		63DE7D4F2C60254A00E6AC69 /* FirebaseConstants.swift */ = {isa = PBXFileReference; lastKnownFileType = sourcecode.swift; path = FirebaseConstants.swift; sourceTree = "<group>"; };
		63DE7D522C6028E300E6AC69 /* Message.swift */ = {isa = PBXFileReference; lastKnownFileType = sourcecode.swift; path = Message.swift; sourceTree = "<group>"; };
		63E08A402C29CB22002CE5F6 /* WelcomeViewController.swift */ = {isa = PBXFileReference; lastKnownFileType = sourcecode.swift; path = WelcomeViewController.swift; sourceTree = "<group>"; };
		63E08A422C2B20D5002CE5F6 /* RegisterViewController.swift */ = {isa = PBXFileReference; lastKnownFileType = sourcecode.swift; path = RegisterViewController.swift; sourceTree = "<group>"; };
		63E8956D2992B4CA0064705F /* RegisterController + Extension.swift */ = {isa = PBXFileReference; lastKnownFileType = sourcecode.swift; path = "RegisterController + Extension.swift"; sourceTree = "<group>"; };
		63FE27622A0C1C0A00400204 /* HomeController.swift */ = {isa = PBXFileReference; lastKnownFileType = sourcecode.swift; path = HomeController.swift; sourceTree = "<group>"; };
		63FE27652A0C1FE900400204 /* Constants.swift */ = {isa = PBXFileReference; lastKnownFileType = sourcecode.swift; path = Constants.swift; sourceTree = "<group>"; };
		63FE27682A0C217B00400204 /* Coin.swift */ = {isa = PBXFileReference; lastKnownFileType = sourcecode.swift; path = Coin.swift; sourceTree = "<group>"; };
		63FE276B2A0C242A00400204 /* CoinCell.swift */ = {isa = PBXFileReference; lastKnownFileType = sourcecode.swift; path = CoinCell.swift; sourceTree = "<group>"; };
		6DECADC3DB3F0451D54CBB36 /* Pods-WatchChainIOS.release.xcconfig */ = {isa = PBXFileReference; includeInIndex = 1; lastKnownFileType = text.xcconfig; name = "Pods-WatchChainIOS.release.xcconfig"; path = "Target Support Files/Pods-WatchChainIOS/Pods-WatchChainIOS.release.xcconfig"; sourceTree = "<group>"; };
		8466B5DA5AB1417CF1B3A228 /* Pods-WatchChainIOS.debug.xcconfig */ = {isa = PBXFileReference; includeInIndex = 1; lastKnownFileType = text.xcconfig; name = "Pods-WatchChainIOS.debug.xcconfig"; path = "Target Support Files/Pods-WatchChainIOS/Pods-WatchChainIOS.debug.xcconfig"; sourceTree = "<group>"; };
/* End PBXFileReference section */

/* Begin PBXFileSystemSynchronizedRootGroup section */
		6324EAF42D3851AA00290A7E /* HabitTracker */ = {isa = PBXFileSystemSynchronizedRootGroup; explicitFileTypes = {}; explicitFolders = (); path = HabitTracker; sourceTree = "<group>"; };
		6324EAF72D38693F00290A7E /* HabitTracker */ = {isa = PBXFileSystemSynchronizedRootGroup; explicitFileTypes = {}; explicitFolders = (); path = HabitTracker; sourceTree = "<group>"; };
		6324EAFA2D387D2500290A7E /* Extensions */ = {isa = PBXFileSystemSynchronizedRootGroup; explicitFileTypes = {}; explicitFolders = (); path = Extensions; sourceTree = "<group>"; };
		633DA92E2CC84C4B00C07478 /* ToDo */ = {isa = PBXFileSystemSynchronizedRootGroup; explicitFileTypes = {}; explicitFolders = (); path = ToDo; sourceTree = "<group>"; };
/* End PBXFileSystemSynchronizedRootGroup section */

/* Begin PBXFrameworksBuildPhase section */
		63D75C01295304E6008F28F0 /* Frameworks */ = {
			isa = PBXFrameworksBuildPhase;
			buildActionMask = 2147483647;
			files = (
				3F81D7499CE3B58CC5767CA3 /* Pods_WatchChainIOS.framework in Frameworks */,
				633466E22C62D3BB000575EF /* IQKeyboardManagerSwift in Frameworks */,
			);
			runOnlyForDeploymentPostprocessing = 0;
		};
/* End PBXFrameworksBuildPhase section */

/* Begin PBXGroup section */
		130F9CE944B6A6D61B89045D /* Frameworks */ = {
			isa = PBXGroup;
			children = (
				44B8975898806AED072CA193 /* Pods_WatchChainIOS.framework */,
			);
			name = Frameworks;
			sourceTree = "<group>";
		};
		62724BDDDCFF9D0787EFAE43 /* Pods */ = {
			isa = PBXGroup;
			children = (
				8466B5DA5AB1417CF1B3A228 /* Pods-WatchChainIOS.debug.xcconfig */,
				6DECADC3DB3F0451D54CBB36 /* Pods-WatchChainIOS.release.xcconfig */,
			);
			path = Pods;
			sourceTree = "<group>";
		};
		6304455F29630B1D00AD6DD7 /* Controllers */ = {
			isa = PBXGroup;
			children = (
				633DA92E2CC84C4B00C07478 /* ToDo */,
				6349F60F2C7D302A00D57F20 /* AI */,
				63E08A3F2C29CABC002CE5F6 /* Firebase */,
				63A7255A2BFBF19F0010BCE9 /* QuizController */,
				6346B0252A1CFBE300A8D7ED /* NftController */,
				63FE27612A0C1BDE00400204 /* CryptoController */,
				6314A1332994505500D0B353 /* Web */,
				63715E3E2990F4F500F7DBFF /* Login+Register */,
				6307DCB52989D3860028BA52 /* AddNft */,
			);
			path = Controllers;
			sourceTree = "<group>";
		};
		6306C79C2971620E00357A11 /* API */ = {
			isa = PBXGroup;
			children = (
				6346B0262A1CFC3500A8D7ED /* Nft API */,
				639ECDB12A1BEFA00054A1D1 /* Crypto API */,
			);
			path = API;
			sourceTree = "<group>";
		};
		6307DCB52989D3860028BA52 /* AddNft */ = {
			isa = PBXGroup;
			children = (
				6307DCB62989D3B00028BA52 /* MyNftViewController.swift */,
				6307DCB82989D3CC0028BA52 /* AddNftViewController.swift */,
			);
			path = AddNft;
			sourceTree = "<group>";
		};
		6314A1332994505500D0B353 /* Web */ = {
			isa = PBXGroup;
			children = (
				6314A131299424FD00D0B353 /* MetaWalletController.swift */,
				6314A1342994508A00D0B353 /* OpenSeaController.swift */,
				636859C3299F1BB7002BD90F /* PhantomWalletController.swift */,
				636859C7299F23E5002BD90F /* CronosWalletController.swift */,
				636859C9299F262D002BD90F /* OneinchWalletController.swift */,
			);
			path = Web;
			sourceTree = "<group>";
		};
		6314A1382994725000D0B353 /* DatePicker + ViewPicker */ = {
			isa = PBXGroup;
			children = (
				6314A1392994727A00D0B353 /* datepicker.swift */,
				6314A13B299472AE00D0B353 /* viewPicker.swift */,
				6314A13D2994748400D0B353 /* Extension.swift */,
			);
			path = "DatePicker + ViewPicker";
			sourceTree = "<group>";
		};
		633466D72C615FEF000575EF /* FirebaseCell */ = {
			isa = PBXGroup;
			children = (
				633466DC2C616EB0000575EF /* MessageCell.swift */,
				633466DD2C616EB0000575EF /* MessageCell.xib */,
			);
			path = FirebaseCell;
			sourceTree = "<group>";
		};
		633DBC48299091A700E0C5CE /* AnimatedImages */ = {
			isa = PBXGroup;
			children = (
				63D75C30295340AC008F28F0 /* giphyImg.gif */,
				633DBC49299091E900E0C5CE /* Background.swift */,
			);
			path = AnimatedImages;
			sourceTree = "<group>";
		};
		6346B0232A1CFAF700A8D7ED /* NftCell */ = {
			isa = PBXGroup;
			children = (
				63A7101D2980677000B4B9B5 /* NftViewCell.swift */,
				634943CE29888A100059139C /* CollectionViewCell.swift */,
			);
			path = NftCell;
			sourceTree = "<group>";
		};
		6346B0242A1CFBC900A8D7ED /* NftModels */ = {
			isa = PBXGroup;
			children = (
				63093E7A2979967700D02D67 /* User.swift */,
				6379F9B4297FFAB5003FF525 /* Collector.swift */,
				6379F9B6297FFB0D003FF525 /* Nft.swift */,
			);
			path = NftModels;
			sourceTree = "<group>";
		};
		6346B0252A1CFBE300A8D7ED /* NftController */ = {
			isa = PBXGroup;
			children = (
				63926B8929657F1A005D2378 /* BrowserController.swift */,
				634C69A7296686D800F57355 /* ProfilController.swift */,
				6307DCB32989C8560028BA52 /* CreatorController.swift */,
				633B75E7298B677E00C48FA0 /* BuyNftController.swift */,
				6314A13629946F6C00D0B353 /* ProfileEditorController.swift */,
				636859C5299F206D002BD90F /* WalletController.swift */,
				63979B4C29F868E100EFF2C8 /* QrCodeController.swift */,
			);
			path = NftController;
			sourceTree = "<group>";
		};
		6346B0262A1CFC3500A8D7ED /* Nft API */ = {
			isa = PBXGroup;
			children = (
				6306C79D2971627900357A11 /* BrowserNftAPI.swift */,
			);
			path = "Nft API";
			sourceTree = "<group>";
		};
		6349F60F2C7D302A00D57F20 /* AI */ = {
			isa = PBXGroup;
			children = (
				6349F6102C7D304D00D57F20 /* AIController.swift */,
			);
			path = AI;
			sourceTree = "<group>";
		};
		635C7EFA2A01B4030025BE84 /* AnimatedButtons */ = {
			isa = PBXGroup;
			children = (
				635C7EFB2A01B42A0025BE84 /* UIButtonExtension.swift */,
			);
			path = AnimatedButtons;
			sourceTree = "<group>";
		};
		63715E3E2990F4F500F7DBFF /* Login+Register */ = {
			isa = PBXGroup;
			children = (
				6304456029630B4500AD6DD7 /* LoginController.swift */,
				634C69AE2966BF7000F57355 /* RegisterController.swift */,
				63E8956D2992B4CA0064705F /* RegisterController + Extension.swift */,
			);
			path = "Login+Register";
			sourceTree = "<group>";
		};
		637D4D982BFFD28400ECFCD9 /* Sounds */ = {
			isa = PBXGroup;
			children = (
				637D4D9B2BFFD4CF00ECFCD9 /* mr-krabs-money.mp3 */,
				637D4D992BFFD2A100ECFCD9 /* engineer_no01.mp3 */,
			);
			path = Sounds;
			sourceTree = "<group>";
		};
		639ECDB12A1BEFA00054A1D1 /* Crypto API */ = {
			isa = PBXGroup;
			children = (
				639ECDB22A1BF1CB0054A1D1 /* HTTP.swift */,
				639ECDB42A1BF7830054A1D1 /* Endpoint.swift */,
				6346B0272A1D005D00A8D7ED /* CoinService.swift */,
			);
			path = "Crypto API";
			sourceTree = "<group>";
		};
		63A7101A2980673100B4B9B5 /* Cell */ = {
			isa = PBXGroup;
			children = (
				633466D72C615FEF000575EF /* FirebaseCell */,
				6346B0232A1CFAF700A8D7ED /* NftCell */,
				63D8D1C42A12B1A100BCBDEE /* CryptoCell */,
			);
			path = Cell;
			sourceTree = "<group>";
		};
		63A725572BFBF18A0010BCE9 /* Quiz */ = {
			isa = PBXGroup;
			children = (
				63A725552BFBF18A0010BCE9 /* Question.swift */,
				63A725562BFBF18A0010BCE9 /* QuizBrain.swift */,
			);
			path = Quiz;
			sourceTree = "<group>";
		};
		63A7255A2BFBF19F0010BCE9 /* QuizController */ = {
			isa = PBXGroup;
			children = (
				63A7255B2BFBF1B20010BCE9 /* QuizController.swift */,
			);
			path = QuizController;
			sourceTree = "<group>";
		};
		63D75BFB295304E6008F28F0 = {
			isa = PBXGroup;
			children = (
				63D75C06295304E6008F28F0 /* WatchChainIOS */,
				63D75C05295304E6008F28F0 /* Products */,
				62724BDDDCFF9D0787EFAE43 /* Pods */,
				130F9CE944B6A6D61B89045D /* Frameworks */,
			);
			sourceTree = "<group>";
		};
		63D75C05295304E6008F28F0 /* Products */ = {
			isa = PBXGroup;
			children = (
				63D75C04295304E6008F28F0 /* WatchChainIOS.app */,
			);
			name = Products;
			sourceTree = "<group>";
		};
		63D75C06295304E6008F28F0 /* WatchChainIOS */ = {
			isa = PBXGroup;
			children = (
				6324EAFA2D387D2500290A7E /* Extensions */,
				63A725572BFBF18A0010BCE9 /* Quiz */,
				63D8D1C52A12BAB800BCBDEE /* ViewModels */,
				6314A1382994725000D0B353 /* DatePicker + ViewPicker */,
				63A7101A2980673100B4B9B5 /* Cell */,
				6306C79C2971620E00357A11 /* API */,
				6304455F29630B1D00AD6DD7 /* Controllers */,
				63D75C2B29530F5C008F28F0 /* Models */,
				63D75C1E29530A46008F28F0 /* Supporting */,
				63D75C0D295304E6008F28F0 /* Main.storyboard */,
				63D75C15295304E7008F28F0 /* LaunchScreen.storyboard */,
				637D4D982BFFD28400ECFCD9 /* Sounds */,
				63D75C18295304E7008F28F0 /* Info.plist */,
				6349F60D2C7D2C3800D57F20 /* Inceptionv3.mlpackage */,
				6307DCBA2989E3AF0028BA52 /* AddNftCoreData.xcdatamodeld */,
			);
			path = WatchChainIOS;
			sourceTree = "<group>";
		};
		63D75C1E29530A46008F28F0 /* Supporting */ = {
			isa = PBXGroup;
			children = (
				63FE27642A0C1FC700400204 /* CryptoConstants */,
				635C7EFA2A01B4030025BE84 /* AnimatedButtons */,
				633DBC48299091A700E0C5CE /* AnimatedImages */,
				63D75C07295304E6008F28F0 /* AppDelegate.swift */,
				63D75C09295304E6008F28F0 /* SceneDelegate.swift */,
				63093E782979888C00D02D67 /* AlertManager.swift */,
				633B75E9298B683D00C48FA0 /* Validator.swift */,
				63D75C13295304E7008F28F0 /* Assets.xcassets */,
				63D75C1F29530A74008F28F0 /* GoogleService-Info.plist */,
			);
			path = Supporting;
			sourceTree = "<group>";
		};
		63D75C2B29530F5C008F28F0 /* Models */ = {
			isa = PBXGroup;
			children = (
				6324EAF42D3851AA00290A7E /* HabitTracker */,
				63DE7D512C6028D000E6AC69 /* Firebase */,
				6346B0242A1CFBC900A8D7ED /* NftModels */,
				63FE27672A0C215A00400204 /* CryptoModels */,
			);
			path = Models;
			sourceTree = "<group>";
		};
		63D8D1C42A12B1A100BCBDEE /* CryptoCell */ = {
			isa = PBXGroup;
			children = (
				63FE276B2A0C242A00400204 /* CoinCell.swift */,
			);
			path = CryptoCell;
			sourceTree = "<group>";
		};
		63D8D1C52A12BAB800BCBDEE /* ViewModels */ = {
			isa = PBXGroup;
			children = (
				6324EAF72D38693F00290A7E /* HabitTracker */,
				63D8D1C62A12BAE200BCBDEE /* ViewCryptoControllerViewModel.swift */,
				6346B0292A1D090300A8D7ED /* HomeControllerViewModel.swift */,
			);
			path = ViewModels;
			sourceTree = "<group>";
		};
		63DE7D4E2C60251C00E6AC69 /* FirebaseConstants */ = {
			isa = PBXGroup;
			children = (
				63DE7D4F2C60254A00E6AC69 /* FirebaseConstants.swift */,
			);
			path = FirebaseConstants;
			sourceTree = "<group>";
		};
		63DE7D512C6028D000E6AC69 /* Firebase */ = {
			isa = PBXGroup;
			children = (
				63DE7D522C6028E300E6AC69 /* Message.swift */,
			);
			path = Firebase;
			sourceTree = "<group>";
		};
		63E08A3F2C29CABC002CE5F6 /* Firebase */ = {
			isa = PBXGroup;
			children = (
				63DE7D4E2C60251C00E6AC69 /* FirebaseConstants */,
				63E08A402C29CB22002CE5F6 /* WelcomeViewController.swift */,
				63E08A422C2B20D5002CE5F6 /* RegisterViewController.swift */,
				63DE7D4A2C600F8400E6AC69 /* LoginViewController.swift */,
				63DE7D4C2C601F5100E6AC69 /* ChatViewController.swift */,
			);
			path = Firebase;
			sourceTree = "<group>";
		};
		63FE27612A0C1BDE00400204 /* CryptoController */ = {
			isa = PBXGroup;
			children = (
				63FE27622A0C1C0A00400204 /* HomeController.swift */,
				63D8D1C22A129D6B00BCBDEE /* ViewCryptoController.swift */,
			);
			path = CryptoController;
			sourceTree = "<group>";
		};
		63FE27642A0C1FC700400204 /* CryptoConstants */ = {
			isa = PBXGroup;
			children = (
				63FE27652A0C1FE900400204 /* Constants.swift */,
			);
			path = CryptoConstants;
			sourceTree = "<group>";
		};
		63FE27672A0C215A00400204 /* CryptoModels */ = {
			isa = PBXGroup;
			children = (
				63FE27682A0C217B00400204 /* Coin.swift */,
				6345E71B2A14D92100F25EB7 /* CoinError.swift */,
			);
			path = CryptoModels;
			sourceTree = "<group>";
		};
/* End PBXGroup section */

/* Begin PBXNativeTarget section */
		63D75C03295304E6008F28F0 /* WatchChainIOS */ = {
			isa = PBXNativeTarget;
			buildConfigurationList = 63D75C1B295304E8008F28F0 /* Build configuration list for PBXNativeTarget "WatchChainIOS" */;
			buildPhases = (
				83360EB1CEA2DEFC06E0738A /* [CP] Check Pods Manifest.lock */,
				63D75C00295304E6008F28F0 /* Sources */,
				63D75C01295304E6008F28F0 /* Frameworks */,
				63D75C02295304E6008F28F0 /* Resources */,
				68970864A40902147650EAC1 /* [CP] Embed Pods Frameworks */,
			);
			buildRules = (
			);
			dependencies = (
			);
			fileSystemSynchronizedGroups = (
				6324EAF42D3851AA00290A7E /* HabitTracker */,
				6324EAF72D38693F00290A7E /* HabitTracker */,
				6324EAFA2D387D2500290A7E /* Extensions */,
				633DA92E2CC84C4B00C07478 /* ToDo */,
			);
			name = WatchChainIOS;
			packageProductDependencies = (
				633466E12C62D3BB000575EF /* IQKeyboardManagerSwift */,
			);
			productName = WatchChainIOS;
			productReference = 63D75C04295304E6008F28F0 /* WatchChainIOS.app */;
			productType = "com.apple.product-type.application";
		};
/* End PBXNativeTarget section */

/* Begin PBXProject section */
		63D75BFC295304E6008F28F0 /* Project object */ = {
			isa = PBXProject;
			attributes = {
				BuildIndependentTargetsInParallel = 1;
				LastSwiftUpdateCheck = 1420;
				LastUpgradeCheck = 1530;
				TargetAttributes = {
					63D75C03295304E6008F28F0 = {
						CreatedOnToolsVersion = 14.2;
					};
				};
			};
			buildConfigurationList = 63D75BFF295304E6008F28F0 /* Build configuration list for PBXProject "WatchChainIOS" */;
			compatibilityVersion = "Xcode 14.0";
			developmentRegion = en;
			hasScannedForEncodings = 0;
			knownRegions = (
				en,
				Base,
			);
			mainGroup = 63D75BFB295304E6008F28F0;
			packageReferences = (
				633466E02C62D3BB000575EF /* XCRemoteSwiftPackageReference "IQKeyboardManager" */,
			);
			productRefGroup = 63D75C05295304E6008F28F0 /* Products */;
			projectDirPath = "";
			projectRoot = "";
			targets = (
				63D75C03295304E6008F28F0 /* WatchChainIOS */,
			);
		};
/* End PBXProject section */

/* Begin PBXResourcesBuildPhase section */
		63D75C02295304E6008F28F0 /* Resources */ = {
			isa = PBXResourcesBuildPhase;
			buildActionMask = 2147483647;
			files = (
				63D75C17295304E7008F28F0 /* LaunchScreen.storyboard in Resources */,
				637D4D9A2BFFD2A100ECFCD9 /* engineer_no01.mp3 in Resources */,
				63D75C2029530A74008F28F0 /* GoogleService-Info.plist in Resources */,
				63D75C14295304E7008F28F0 /* Assets.xcassets in Resources */,
				637D4D9C2BFFD4CF00ECFCD9 /* mr-krabs-money.mp3 in Resources */,
				633466DE2C616EB0000575EF /* MessageCell.xib in Resources */,
				63D75C31295340AC008F28F0 /* giphyImg.gif in Resources */,
				63D75C0F295304E6008F28F0 /* Main.storyboard in Resources */,
			);
			runOnlyForDeploymentPostprocessing = 0;
		};
/* End PBXResourcesBuildPhase section */

/* Begin PBXShellScriptBuildPhase section */
		68970864A40902147650EAC1 /* [CP] Embed Pods Frameworks */ = {
			isa = PBXShellScriptBuildPhase;
			buildActionMask = 2147483647;
			files = (
			);
			inputFileListPaths = (
				"${PODS_ROOT}/Target Support Files/Pods-WatchChainIOS/Pods-WatchChainIOS-frameworks-${CONFIGURATION}-input-files.xcfilelist",
			);
			name = "[CP] Embed Pods Frameworks";
			outputFileListPaths = (
				"${PODS_ROOT}/Target Support Files/Pods-WatchChainIOS/Pods-WatchChainIOS-frameworks-${CONFIGURATION}-output-files.xcfilelist",
			);
			runOnlyForDeploymentPostprocessing = 0;
			shellPath = /bin/sh;
			shellScript = "\"${PODS_ROOT}/Target Support Files/Pods-WatchChainIOS/Pods-WatchChainIOS-frameworks.sh\"\n";
			showEnvVarsInLog = 0;
		};
		83360EB1CEA2DEFC06E0738A /* [CP] Check Pods Manifest.lock */ = {
			isa = PBXShellScriptBuildPhase;
			buildActionMask = 2147483647;
			files = (
			);
			inputFileListPaths = (
			);
			inputPaths = (
				"${PODS_PODFILE_DIR_PATH}/Podfile.lock",
				"${PODS_ROOT}/Manifest.lock",
			);
			name = "[CP] Check Pods Manifest.lock";
			outputFileListPaths = (
			);
			outputPaths = (
				"$(DERIVED_FILE_DIR)/Pods-WatchChainIOS-checkManifestLockResult.txt",
			);
			runOnlyForDeploymentPostprocessing = 0;
			shellPath = /bin/sh;
			shellScript = "diff \"${PODS_PODFILE_DIR_PATH}/Podfile.lock\" \"${PODS_ROOT}/Manifest.lock\" > /dev/null\nif [ $? != 0 ] ; then\n    # print error to STDERR\n    echo \"error: The sandbox is not in sync with the Podfile.lock. Run 'pod install' or update your CocoaPods installation.\" >&2\n    exit 1\nfi\n# This output is used by Xcode 'outputs' to avoid re-running this script phase.\necho \"SUCCESS\" > \"${SCRIPT_OUTPUT_FILE_0}\"\n";
			showEnvVarsInLog = 0;
		};
/* End PBXShellScriptBuildPhase section */

/* Begin PBXSourcesBuildPhase section */
		63D75C00295304E6008F28F0 /* Sources */ = {
			isa = PBXSourcesBuildPhase;
			buildActionMask = 2147483647;
			files = (
				6349F60E2C7D2C3900D57F20 /* Inceptionv3.mlpackage in Sources */,
				636859C4299F1BB7002BD90F /* PhantomWalletController.swift in Sources */,
				634C69AF2966BF7000F57355 /* RegisterController.swift in Sources */,
				63D75C08295304E6008F28F0 /* AppDelegate.swift in Sources */,
				6307DCB42989C8560028BA52 /* CreatorController.swift in Sources */,
				63093E792979888C00D02D67 /* AlertManager.swift in Sources */,
				633B75EA298B683D00C48FA0 /* Validator.swift in Sources */,
				6307DCB72989D3B00028BA52 /* MyNftViewController.swift in Sources */,
				635C7EFC2A01B42A0025BE84 /* UIButtonExtension.swift in Sources */,
				639ECDB52A1BF7830054A1D1 /* Endpoint.swift in Sources */,
				6306C79E2971627900357A11 /* BrowserNftAPI.swift in Sources */,
				6346B0282A1D005D00A8D7ED /* CoinService.swift in Sources */,
				639ECDB32A1BF1CB0054A1D1 /* HTTP.swift in Sources */,
				63093E7B2979967700D02D67 /* User.swift in Sources */,
				6345E71C2A14D92100F25EB7 /* CoinError.swift in Sources */,
				636859CA299F262D002BD90F /* OneinchWalletController.swift in Sources */,
				63D8D1C32A129D6B00BCBDEE /* ViewCryptoController.swift in Sources */,
				63DE7D502C60254A00E6AC69 /* FirebaseConstants.swift in Sources */,
				63E8956E2992B4CA0064705F /* RegisterController + Extension.swift in Sources */,
				6379F9B5297FFAB5003FF525 /* Collector.swift in Sources */,
				6379F9B7297FFB0E003FF525 /* Nft.swift in Sources */,
				6307DCB92989D3CC0028BA52 /* AddNftViewController.swift in Sources */,
				63DE7D532C6028E300E6AC69 /* Message.swift in Sources */,
				63FE276C2A0C242A00400204 /* CoinCell.swift in Sources */,
				63DE7D4D2C601F5100E6AC69 /* ChatViewController.swift in Sources */,
				63D8D1C72A12BAE200BCBDEE /* ViewCryptoControllerViewModel.swift in Sources */,
				63A7101E2980677000B4B9B5 /* NftViewCell.swift in Sources */,
				634C69A8296686D800F57355 /* ProfilController.swift in Sources */,
				6314A13E2994748400D0B353 /* Extension.swift in Sources */,
				6307DCBC2989E3AF0028BA52 /* AddNftCoreData.xcdatamodeld in Sources */,
				63A725592BFBF18A0010BCE9 /* QuizBrain.swift in Sources */,
				636859C6299F206D002BD90F /* WalletController.swift in Sources */,
				63926B8A29657F1A005D2378 /* BrowserController.swift in Sources */,
				63DE7D4B2C600F8400E6AC69 /* LoginViewController.swift in Sources */,
				6346B02A2A1D090300A8D7ED /* HomeControllerViewModel.swift in Sources */,
				633B75E8298B677E00C48FA0 /* BuyNftController.swift in Sources */,
				63979B4D29F868E100EFF2C8 /* QrCodeController.swift in Sources */,
				6314A1352994508A00D0B353 /* OpenSeaController.swift in Sources */,
				63FE27632A0C1C0A00400204 /* HomeController.swift in Sources */,
				6314A13729946F6C00D0B353 /* ProfileEditorController.swift in Sources */,
				634943CF29888A100059139C /* CollectionViewCell.swift in Sources */,
				6314A13C299472AE00D0B353 /* viewPicker.swift in Sources */,
				633DBC4A299091E900E0C5CE /* Background.swift in Sources */,
				6349F6112C7D304D00D57F20 /* AIController.swift in Sources */,
				636859C8299F23E5002BD90F /* CronosWalletController.swift in Sources */,
				6314A13A2994727A00D0B353 /* datepicker.swift in Sources */,
				63E08A432C2B20D5002CE5F6 /* RegisterViewController.swift in Sources */,
				6304456129630B4500AD6DD7 /* LoginController.swift in Sources */,
				63A725582BFBF18A0010BCE9 /* Question.swift in Sources */,
				63D75C0A295304E6008F28F0 /* SceneDelegate.swift in Sources */,
				63A7255C2BFBF1B20010BCE9 /* QuizController.swift in Sources */,
				63FE27692A0C217B00400204 /* Coin.swift in Sources */,
				6314A132299424FD00D0B353 /* MetaWalletController.swift in Sources */,
				63FE27662A0C1FE900400204 /* Constants.swift in Sources */,
				63E08A412C29CB22002CE5F6 /* WelcomeViewController.swift in Sources */,
				633466DF2C616EB0000575EF /* MessageCell.swift in Sources */,
			);
			runOnlyForDeploymentPostprocessing = 0;
		};
/* End PBXSourcesBuildPhase section */

/* Begin PBXVariantGroup section */
		63D75C0D295304E6008F28F0 /* Main.storyboard */ = {
			isa = PBXVariantGroup;
			children = (
				63D75C0E295304E6008F28F0 /* Base */,
			);
			name = Main.storyboard;
			sourceTree = "<group>";
		};
		63D75C15295304E7008F28F0 /* LaunchScreen.storyboard */ = {
			isa = PBXVariantGroup;
			children = (
				63D75C16295304E7008F28F0 /* Base */,
			);
			name = LaunchScreen.storyboard;
			sourceTree = "<group>";
		};
/* End PBXVariantGroup section */

/* Begin XCBuildConfiguration section */
		63D75C19295304E7008F28F0 /* Debug */ = {
			isa = XCBuildConfiguration;
			buildSettings = {
				ALWAYS_SEARCH_USER_PATHS = NO;
				CLANG_ANALYZER_NONNULL = YES;
				CLANG_ANALYZER_NUMBER_OBJECT_CONVERSION = YES_AGGRESSIVE;
				CLANG_CXX_LANGUAGE_STANDARD = "gnu++20";
				CLANG_ENABLE_MODULES = YES;
				CLANG_ENABLE_OBJC_ARC = YES;
				CLANG_ENABLE_OBJC_WEAK = YES;
				CLANG_WARN_BLOCK_CAPTURE_AUTORELEASING = YES;
				CLANG_WARN_BOOL_CONVERSION = YES;
				CLANG_WARN_COMMA = YES;
				CLANG_WARN_CONSTANT_CONVERSION = YES;
				CLANG_WARN_DEPRECATED_OBJC_IMPLEMENTATIONS = YES;
				CLANG_WARN_DIRECT_OBJC_ISA_USAGE = YES_ERROR;
				CLANG_WARN_DOCUMENTATION_COMMENTS = YES;
				CLANG_WARN_EMPTY_BODY = YES;
				CLANG_WARN_ENUM_CONVERSION = YES;
				CLANG_WARN_INFINITE_RECURSION = YES;
				CLANG_WARN_INT_CONVERSION = YES;
				CLANG_WARN_NON_LITERAL_NULL_CONVERSION = YES;
				CLANG_WARN_OBJC_IMPLICIT_RETAIN_SELF = YES;
				CLANG_WARN_OBJC_LITERAL_CONVERSION = YES;
				CLANG_WARN_OBJC_ROOT_CLASS = YES_ERROR;
				CLANG_WARN_QUOTED_INCLUDE_IN_FRAMEWORK_HEADER = YES;
				CLANG_WARN_RANGE_LOOP_ANALYSIS = YES;
				CLANG_WARN_STRICT_PROTOTYPES = YES;
				CLANG_WARN_SUSPICIOUS_MOVE = YES;
				CLANG_WARN_UNGUARDED_AVAILABILITY = YES_AGGRESSIVE;
				CLANG_WARN_UNREACHABLE_CODE = YES;
				CLANG_WARN__DUPLICATE_METHOD_MATCH = YES;
				COPY_PHASE_STRIP = NO;
				DEBUG_INFORMATION_FORMAT = dwarf;
				ENABLE_STRICT_OBJC_MSGSEND = YES;
				ENABLE_TESTABILITY = YES;
				ENABLE_USER_SCRIPT_SANDBOXING = NO;
				GCC_C_LANGUAGE_STANDARD = gnu11;
				GCC_DYNAMIC_NO_PIC = NO;
				GCC_NO_COMMON_BLOCKS = YES;
				GCC_OPTIMIZATION_LEVEL = 0;
				GCC_PREPROCESSOR_DEFINITIONS = (
					"DEBUG=1",
					"$(inherited)",
				);
				GCC_WARN_64_TO_32_BIT_CONVERSION = YES;
				GCC_WARN_ABOUT_RETURN_TYPE = YES_ERROR;
				GCC_WARN_UNDECLARED_SELECTOR = YES;
				GCC_WARN_UNINITIALIZED_AUTOS = YES_AGGRESSIVE;
				GCC_WARN_UNUSED_FUNCTION = YES;
				GCC_WARN_UNUSED_VARIABLE = YES;
				IPHONEOS_DEPLOYMENT_TARGET = 17.5;
				MTL_ENABLE_DEBUG_INFO = INCLUDE_SOURCE;
				MTL_FAST_MATH = YES;
				ONLY_ACTIVE_ARCH = YES;
				SDKROOT = iphoneos;
				SWIFT_ACTIVE_COMPILATION_CONDITIONS = DEBUG;
				SWIFT_OPTIMIZATION_LEVEL = "-Onone";
			};
			name = Debug;
		};
		63D75C1A295304E7008F28F0 /* Release */ = {
			isa = XCBuildConfiguration;
			buildSettings = {
				ALWAYS_SEARCH_USER_PATHS = NO;
				CLANG_ANALYZER_NONNULL = YES;
				CLANG_ANALYZER_NUMBER_OBJECT_CONVERSION = YES_AGGRESSIVE;
				CLANG_CXX_LANGUAGE_STANDARD = "gnu++20";
				CLANG_ENABLE_MODULES = YES;
				CLANG_ENABLE_OBJC_ARC = YES;
				CLANG_ENABLE_OBJC_WEAK = YES;
				CLANG_WARN_BLOCK_CAPTURE_AUTORELEASING = YES;
				CLANG_WARN_BOOL_CONVERSION = YES;
				CLANG_WARN_COMMA = YES;
				CLANG_WARN_CONSTANT_CONVERSION = YES;
				CLANG_WARN_DEPRECATED_OBJC_IMPLEMENTATIONS = YES;
				CLANG_WARN_DIRECT_OBJC_ISA_USAGE = YES_ERROR;
				CLANG_WARN_DOCUMENTATION_COMMENTS = YES;
				CLANG_WARN_EMPTY_BODY = YES;
				CLANG_WARN_ENUM_CONVERSION = YES;
				CLANG_WARN_INFINITE_RECURSION = YES;
				CLANG_WARN_INT_CONVERSION = YES;
				CLANG_WARN_NON_LITERAL_NULL_CONVERSION = YES;
				CLANG_WARN_OBJC_IMPLICIT_RETAIN_SELF = YES;
				CLANG_WARN_OBJC_LITERAL_CONVERSION = YES;
				CLANG_WARN_OBJC_ROOT_CLASS = YES_ERROR;
				CLANG_WARN_QUOTED_INCLUDE_IN_FRAMEWORK_HEADER = YES;
				CLANG_WARN_RANGE_LOOP_ANALYSIS = YES;
				CLANG_WARN_STRICT_PROTOTYPES = YES;
				CLANG_WARN_SUSPICIOUS_MOVE = YES;
				CLANG_WARN_UNGUARDED_AVAILABILITY = YES_AGGRESSIVE;
				CLANG_WARN_UNREACHABLE_CODE = YES;
				CLANG_WARN__DUPLICATE_METHOD_MATCH = YES;
				COPY_PHASE_STRIP = NO;
				DEBUG_INFORMATION_FORMAT = "dwarf-with-dsym";
				ENABLE_NS_ASSERTIONS = NO;
				ENABLE_STRICT_OBJC_MSGSEND = YES;
				ENABLE_USER_SCRIPT_SANDBOXING = NO;
				GCC_C_LANGUAGE_STANDARD = gnu11;
				GCC_NO_COMMON_BLOCKS = YES;
				GCC_WARN_64_TO_32_BIT_CONVERSION = YES;
				GCC_WARN_ABOUT_RETURN_TYPE = YES_ERROR;
				GCC_WARN_UNDECLARED_SELECTOR = YES;
				GCC_WARN_UNINITIALIZED_AUTOS = YES_AGGRESSIVE;
				GCC_WARN_UNUSED_FUNCTION = YES;
				GCC_WARN_UNUSED_VARIABLE = YES;
				IPHONEOS_DEPLOYMENT_TARGET = 17.5;
				MTL_ENABLE_DEBUG_INFO = NO;
				MTL_FAST_MATH = YES;
				SDKROOT = iphoneos;
				SWIFT_COMPILATION_MODE = wholemodule;
				SWIFT_OPTIMIZATION_LEVEL = "-O";
				VALIDATE_PRODUCT = YES;
			};
			name = Release;
		};
		63D75C1C295304E8008F28F0 /* Debug */ = {
			isa = XCBuildConfiguration;
			baseConfigurationReference = 8466B5DA5AB1417CF1B3A228 /* Pods-WatchChainIOS.debug.xcconfig */;
			buildSettings = {
				ASSETCATALOG_COMPILER_APPICON_NAME = AppIcon;
				ASSETCATALOG_COMPILER_GLOBAL_ACCENT_COLOR_NAME = AccentColor;
				CODE_SIGN_STYLE = Automatic;
				CURRENT_PROJECT_VERSION = 1;
				DEVELOPMENT_TEAM = BVK37J4S5Z;
				GENERATE_INFOPLIST_FILE = YES;
				INFOPLIST_FILE = WatchChainIOS/Info.plist;
				INFOPLIST_KEY_CFBundleDisplayName = WatchChain;
				INFOPLIST_KEY_NSCameraUsageDescription = "This app would like to use your camera to scan codes and text.";
				INFOPLIST_KEY_NSFaceIDUsageDescription = "Please allow to continue with face id.";
				INFOPLIST_KEY_UIApplicationSupportsIndirectInputEvents = YES;
				INFOPLIST_KEY_UILaunchStoryboardName = LaunchScreen;
				INFOPLIST_KEY_UIMainStoryboardFile = Main;
				INFOPLIST_KEY_UISupportedInterfaceOrientations_iPad = "UIInterfaceOrientationPortrait UIInterfaceOrientationPortraitUpsideDown UIInterfaceOrientationLandscapeLeft UIInterfaceOrientationLandscapeRight";
				INFOPLIST_KEY_UISupportedInterfaceOrientations_iPhone = "UIInterfaceOrientationPortrait UIInterfaceOrientationLandscapeLeft UIInterfaceOrientationLandscapeRight";
				LD_RUNPATH_SEARCH_PATHS = (
					"$(inherited)",
					"@executable_path/Frameworks",
				);
				MARKETING_VERSION = 1.0;
				PRODUCT_BUNDLE_IDENTIFIER = de.ak.WatchChainIOS;
				PRODUCT_NAME = "$(TARGET_NAME)";
				SUPPORTED_PLATFORMS = "iphoneos iphonesimulator";
				SUPPORTS_MACCATALYST = NO;
				SUPPORTS_MAC_DESIGNED_FOR_IPHONE_IPAD = NO;
				SUPPORTS_XR_DESIGNED_FOR_IPHONE_IPAD = NO;
				SWIFT_EMIT_LOC_STRINGS = YES;
				SWIFT_VERSION = 5.0;
				TARGETED_DEVICE_FAMILY = 1;
			};
			name = Debug;
		};
		63D75C1D295304E8008F28F0 /* Release */ = {
			isa = XCBuildConfiguration;
			baseConfigurationReference = 6DECADC3DB3F0451D54CBB36 /* Pods-WatchChainIOS.release.xcconfig */;
			buildSettings = {
				ASSETCATALOG_COMPILER_APPICON_NAME = AppIcon;
				ASSETCATALOG_COMPILER_GLOBAL_ACCENT_COLOR_NAME = AccentColor;
				CODE_SIGN_STYLE = Automatic;
				CURRENT_PROJECT_VERSION = 1;
				DEVELOPMENT_TEAM = BVK37J4S5Z;
				GENERATE_INFOPLIST_FILE = YES;
				INFOPLIST_FILE = WatchChainIOS/Info.plist;
				INFOPLIST_KEY_CFBundleDisplayName = WatchChain;
				INFOPLIST_KEY_NSCameraUsageDescription = "This app would like to use your camera to scan codes and text.";
				INFOPLIST_KEY_NSFaceIDUsageDescription = "Please allow to continue with face id.";
				INFOPLIST_KEY_UIApplicationSupportsIndirectInputEvents = YES;
				INFOPLIST_KEY_UILaunchStoryboardName = LaunchScreen;
				INFOPLIST_KEY_UIMainStoryboardFile = Main;
				INFOPLIST_KEY_UISupportedInterfaceOrientations_iPad = "UIInterfaceOrientationPortrait UIInterfaceOrientationPortraitUpsideDown UIInterfaceOrientationLandscapeLeft UIInterfaceOrientationLandscapeRight";
				INFOPLIST_KEY_UISupportedInterfaceOrientations_iPhone = "UIInterfaceOrientationPortrait UIInterfaceOrientationLandscapeLeft UIInterfaceOrientationLandscapeRight";
				LD_RUNPATH_SEARCH_PATHS = (
					"$(inherited)",
					"@executable_path/Frameworks",
				);
				MARKETING_VERSION = 1.0;
				PRODUCT_BUNDLE_IDENTIFIER = de.ak.WatchChainIOS;
				PRODUCT_NAME = "$(TARGET_NAME)";
				SUPPORTED_PLATFORMS = "iphoneos iphonesimulator";
				SUPPORTS_MACCATALYST = NO;
				SUPPORTS_MAC_DESIGNED_FOR_IPHONE_IPAD = NO;
				SUPPORTS_XR_DESIGNED_FOR_IPHONE_IPAD = NO;
				SWIFT_EMIT_LOC_STRINGS = YES;
				SWIFT_VERSION = 5.0;
				TARGETED_DEVICE_FAMILY = 1;
			};
			name = Release;
		};
/* End XCBuildConfiguration section */

/* Begin XCConfigurationList section */
		63D75BFF295304E6008F28F0 /* Build configuration list for PBXProject "WatchChainIOS" */ = {
			isa = XCConfigurationList;
			buildConfigurations = (
				63D75C19295304E7008F28F0 /* Debug */,
				63D75C1A295304E7008F28F0 /* Release */,
			);
			defaultConfigurationIsVisible = 0;
			defaultConfigurationName = Release;
		};
		63D75C1B295304E8008F28F0 /* Build configuration list for PBXNativeTarget "WatchChainIOS" */ = {
			isa = XCConfigurationList;
			buildConfigurations = (
				63D75C1C295304E8008F28F0 /* Debug */,
				63D75C1D295304E8008F28F0 /* Release */,
			);
			defaultConfigurationIsVisible = 0;
			defaultConfigurationName = Release;
		};
/* End XCConfigurationList section */

/* Begin XCRemoteSwiftPackageReference section */
		633466E02C62D3BB000575EF /* XCRemoteSwiftPackageReference "IQKeyboardManager" */ = {
			isa = XCRemoteSwiftPackageReference;
			repositoryURL = "https://github.com/hackiftekhar/IQKeyboardManager.git";
			requirement = {
				kind = upToNextMajorVersion;
				minimumVersion = 7.1.1;
			};
		};
/* End XCRemoteSwiftPackageReference section */

/* Begin XCSwiftPackageProductDependency section */
		633466E12C62D3BB000575EF /* IQKeyboardManagerSwift */ = {
			isa = XCSwiftPackageProductDependency;
			package = 633466E02C62D3BB000575EF /* XCRemoteSwiftPackageReference "IQKeyboardManager" */;
			productName = IQKeyboardManagerSwift;
		};
/* End XCSwiftPackageProductDependency section */

/* Begin XCVersionGroup section */
		6307DCBA2989E3AF0028BA52 /* AddNftCoreData.xcdatamodeld */ = {
			isa = XCVersionGroup;
			children = (
				6307DCBB2989E3AF0028BA52 /* AddNftCoreData.xcdatamodel */,
			);
			currentVersion = 6307DCBB2989E3AF0028BA52 /* AddNftCoreData.xcdatamodel */;
			path = AddNftCoreData.xcdatamodeld;
			sourceTree = "<group>";
			versionGroupType = wrapper.xcdatamodel;
		};
/* End XCVersionGroup section */
	};
	rootObject = 63D75BFC295304E6008F28F0 /* Project object */;
}
